
Microsoft Visual Studio Solution File, Format Version 12.00
# Visual Studio Version 17
VisualStudioVersion = 17.9.34728.123
MinimumVisualStudioVersion = 10.0.40219.1
Project("{FAE04EC0-301F-11D3-BF4B-00C04F79EFBC}") = "Candidato", "Candidato\Candidato.csproj", "{650B228C-2343-43D7-9B68-41CDB312A9BC}"
EndProject
Global
	GlobalSection(SolutionConfigurationPlatforms) = preSolution
		Debug|Any CPU = Debug|Any CPU
		Release|Any CPU = Release|Any CPU
	EndGlobalSection
	GlobalSection(ProjectConfigurationPlatforms) = postSolution
		{650B228C-2343-43D7-9B68-41CDB312A9BC}.Debug|Any CPU.ActiveCfg = Debug|Any CPU
		{650B228C-2343-43D7-9B68-41CDB312A9BC}.Debug|Any CPU.Build.0 = Debug|Any CPU
		{650B228C-2343-43D7-9B68-41CDB312A9BC}.Release|Any CPU.ActiveCfg = Release|Any CPU
		{650B228C-2343-43D7-9B68-41CDB312A9BC}.Release|Any CPU.Build.0 = Release|Any CPU
	EndGlobalSection
	GlobalSection(SolutionProperties) = preSolution
		HideSolutionNode = FALSE
	EndGlobalSection
	GlobalSection(ExtensibilityGlobals) = postSolution
		SolutionGuid = {78FF3B83-EBEC-4926-A108-C43A1B3A9975}
	EndGlobalSection
EndGlobal
